// !$*UTF8*$!
{
	archiveVersion = 1;
	classes = {
	};
	objectVersion = 50;
	objects = {

/* Begin PBXBuildFile section */
		46441CAF212DD87300295D61 /* DetailViewController.swift in Sources */ = {isa = PBXBuildFile; fileRef = 46441CAE212DD87300295D61 /* DetailViewController.swift */; };
		46441CB2212DE6C900295D61 /* DetailCollectionViewCell.swift in Sources */ = {isa = PBXBuildFile; fileRef = 46441CB1212DE6C900295D61 /* DetailCollectionViewCell.swift */; };
		BA1944CC212E00BB000804C7 /* PopularGameCell.swift in Sources */ = {isa = PBXBuildFile; fileRef = BA1944CB212E00BB000804C7 /* PopularGameCell.swift */; };
		BA1944CE212E1B38000804C7 /* SearchResultsViewController.swift in Sources */ = {isa = PBXBuildFile; fileRef = BA1944CD212E1B38000804C7 /* SearchResultsViewController.swift */; };
		BA1944D0212E1B4F000804C7 /* ResultCell.swift in Sources */ = {isa = PBXBuildFile; fileRef = BA1944CF212E1B4F000804C7 /* ResultCell.swift */; };
		BA5100EB212DAB7200A14C5F /* AppDelegate.swift in Sources */ = {isa = PBXBuildFile; fileRef = BA5100EA212DAB7200A14C5F /* AppDelegate.swift */; };
		BA5100ED212DAB7200A14C5F /* HomeViewController.swift in Sources */ = {isa = PBXBuildFile; fileRef = BA5100EC212DAB7200A14C5F /* HomeViewController.swift */; };
		BA5100F0212DAB7200A14C5F /* Main.storyboard in Resources */ = {isa = PBXBuildFile; fileRef = BA5100EE212DAB7200A14C5F /* Main.storyboard */; };
		BA5100F2212DAB7300A14C5F /* Assets.xcassets in Resources */ = {isa = PBXBuildFile; fileRef = BA5100F1212DAB7300A14C5F /* Assets.xcassets */; };
		BA5100F5212DAB7300A14C5F /* LaunchScreen.storyboard in Resources */ = {isa = PBXBuildFile; fileRef = BA5100F3212DAB7300A14C5F /* LaunchScreen.storyboard */; };
		BA5100FF212DAF4400A14C5F /* NetworkManager.swift in Sources */ = {isa = PBXBuildFile; fileRef = BA5100FE212DAF4400A14C5F /* NetworkManager.swift */; };
		BA510105212DB08A00A14C5F /* Game.swift in Sources */ = {isa = PBXBuildFile; fileRef = BA510104212DB08A00A14C5F /* Game.swift */; };
/* End PBXBuildFile section */

/* Begin PBXFileReference section */
		46441CAE212DD87300295D61 /* DetailViewController.swift */ = {isa = PBXFileReference; lastKnownFileType = sourcecode.swift; path = DetailViewController.swift; sourceTree = "<group>"; };
		46441CB0212DDB6900295D61 /* GameLogger-Bridging-Header.h */ = {isa = PBXFileReference; lastKnownFileType = sourcecode.c.h; path = "GameLogger-Bridging-Header.h"; sourceTree = "<group>"; };
		46441CB1212DE6C900295D61 /* DetailCollectionViewCell.swift */ = {isa = PBXFileReference; lastKnownFileType = sourcecode.swift; name = DetailCollectionViewCell.swift; path = GameLogger/Views/DetailCollectionViewCell.swift; sourceTree = SOURCE_ROOT; };
		BA1944CB212E00BB000804C7 /* PopularGameCell.swift */ = {isa = PBXFileReference; lastKnownFileType = sourcecode.swift; path = PopularGameCell.swift; sourceTree = "<group>"; };
		BA1944CD212E1B38000804C7 /* SearchResultsViewController.swift */ = {isa = PBXFileReference; lastKnownFileType = sourcecode.swift; path = SearchResultsViewController.swift; sourceTree = "<group>"; };
		BA1944CF212E1B4F000804C7 /* ResultCell.swift */ = {isa = PBXFileReference; lastKnownFileType = sourcecode.swift; path = ResultCell.swift; sourceTree = "<group>"; };
		BA5100E7212DAB7200A14C5F /* GameLogger.app */ = {isa = PBXFileReference; explicitFileType = wrapper.application; includeInIndex = 0; path = GameLogger.app; sourceTree = BUILT_PRODUCTS_DIR; };
		BA5100EA212DAB7200A14C5F /* AppDelegate.swift */ = {isa = PBXFileReference; lastKnownFileType = sourcecode.swift; path = AppDelegate.swift; sourceTree = "<group>"; };
		BA5100EC212DAB7200A14C5F /* HomeViewController.swift */ = {isa = PBXFileReference; lastKnownFileType = sourcecode.swift; path = HomeViewController.swift; sourceTree = "<group>"; };
		BA5100EF212DAB7200A14C5F /* Base */ = {isa = PBXFileReference; lastKnownFileType = file.storyboard; name = Base; path = Base.lproj/Main.storyboard; sourceTree = "<group>"; };
		BA5100F1212DAB7300A14C5F /* Assets.xcassets */ = {isa = PBXFileReference; lastKnownFileType = folder.assetcatalog; path = Assets.xcassets; sourceTree = "<group>"; };
		BA5100F4212DAB7300A14C5F /* Base */ = {isa = PBXFileReference; lastKnownFileType = file.storyboard; name = Base; path = Base.lproj/LaunchScreen.storyboard; sourceTree = "<group>"; };
		BA5100F6212DAB7300A14C5F /* Info.plist */ = {isa = PBXFileReference; lastKnownFileType = text.plist.xml; path = Info.plist; sourceTree = "<group>"; };
		BA5100FE212DAF4400A14C5F /* NetworkManager.swift */ = {isa = PBXFileReference; lastKnownFileType = sourcecode.swift; path = NetworkManager.swift; sourceTree = "<group>"; };
		BA510104212DB08A00A14C5F /* Game.swift */ = {isa = PBXFileReference; lastKnownFileType = sourcecode.swift; path = Game.swift; sourceTree = "<group>"; };
/* End PBXFileReference section */

/* Begin PBXFrameworksBuildPhase section */
		BA5100E4212DAB7200A14C5F /* Frameworks */ = {
			isa = PBXFrameworksBuildPhase;
			buildActionMask = 2147483647;
			files = (
			);
			runOnlyForDeploymentPostprocessing = 0;
		};
/* End PBXFrameworksBuildPhase section */

/* Begin PBXGroup section */
		BA5100DE212DAB7200A14C5F = {
			isa = PBXGroup;
			children = (
				BA5100E9212DAB7200A14C5F /* GameLogger */,
				BA5100E8212DAB7200A14C5F /* Products */,
				46441CB0212DDB6900295D61 /* GameLogger-Bridging-Header.h */,
			);
			sourceTree = "<group>";
		};
		BA5100E8212DAB7200A14C5F /* Products */ = {
			isa = PBXGroup;
			children = (
				BA5100E7212DAB7200A14C5F /* GameLogger.app */,
			);
			name = Products;
			sourceTree = "<group>";
		};
		BA5100E9212DAB7200A14C5F /* GameLogger */ = {
			isa = PBXGroup;
			children = (
				BA5100FD212DAF1200A14C5F /* Models */,
				BA510103212DAFC300A14C5F /* Views */,
				BA5100FC212DAE9600A14C5F /* Controllers */,
				BA510100212DAF5200A14C5F /* Other */,
			);
			path = GameLogger;
			sourceTree = "<group>";
		};
		BA5100FC212DAE9600A14C5F /* Controllers */ = {
			isa = PBXGroup;
			children = (
				BA5100EC212DAB7200A14C5F /* HomeViewController.swift */,
				46441CAE212DD87300295D61 /* DetailViewController.swift */,
				BA1944CD212E1B38000804C7 /* SearchResultsViewController.swift */,
			);
			path = Controllers;
			sourceTree = "<group>";
		};
		BA5100FD212DAF1200A14C5F /* Models */ = {
			isa = PBXGroup;
			children = (
				BA5100FE212DAF4400A14C5F /* NetworkManager.swift */,
				BA510104212DB08A00A14C5F /* Game.swift */,
			);
			path = Models;
			sourceTree = "<group>";
		};
		BA510100212DAF5200A14C5F /* Other */ = {
			isa = PBXGroup;
			children = (
				BA5100EA212DAB7200A14C5F /* AppDelegate.swift */,
				BA5100F1212DAB7300A14C5F /* Assets.xcassets */,
				BA5100F3212DAB7300A14C5F /* LaunchScreen.storyboard */,
				BA5100F6212DAB7300A14C5F /* Info.plist */,
			);
			path = Other;
			sourceTree = "<group>";
		};
		BA510103212DAFC300A14C5F /* Views */ = {
			isa = PBXGroup;
			children = (
				BA5100EE212DAB7200A14C5F /* Main.storyboard */,
				46441CB1212DE6C900295D61 /* DetailCollectionViewCell.swift */,
				BA1944CB212E00BB000804C7 /* PopularGameCell.swift */,
				BA1944CF212E1B4F000804C7 /* ResultCell.swift */,
			);
			path = Views;
			sourceTree = "<group>";
		};
/* End PBXGroup section */

/* Begin PBXNativeTarget section */
		BA5100E6212DAB7200A14C5F /* GameLogger */ = {
			isa = PBXNativeTarget;
			buildConfigurationList = BA5100F9212DAB7300A14C5F /* Build configuration list for PBXNativeTarget "GameLogger" */;
			buildPhases = (
				BA5100E3212DAB7200A14C5F /* Sources */,
				BA5100E4212DAB7200A14C5F /* Frameworks */,
				BA5100E5212DAB7200A14C5F /* Resources */,
			);
			buildRules = (
			);
			dependencies = (
			);
			name = GameLogger;
			productName = GameLogger;
			productReference = BA5100E7212DAB7200A14C5F /* GameLogger.app */;
			productType = "com.apple.product-type.application";
		};
/* End PBXNativeTarget section */

/* Begin PBXProject section */
		BA5100DF212DAB7200A14C5F /* Project object */ = {
			isa = PBXProject;
			attributes = {
				LastSwiftUpdateCheck = 0940;
				LastUpgradeCheck = 0940;
				ORGANIZATIONNAME = "Henry Cooper";
				TargetAttributes = {
					BA5100E6212DAB7200A14C5F = {
						CreatedOnToolsVersion = 9.4.1;
						LastSwiftMigration = 0940;
					};
				};
			};
			buildConfigurationList = BA5100E2212DAB7200A14C5F /* Build configuration list for PBXProject "GameLogger" */;
			compatibilityVersion = "Xcode 9.3";
			developmentRegion = en;
			hasScannedForEncodings = 0;
			knownRegions = (
				en,
				Base,
			);
			mainGroup = BA5100DE212DAB7200A14C5F;
			productRefGroup = BA5100E8212DAB7200A14C5F /* Products */;
			projectDirPath = "";
			projectRoot = "";
			targets = (
				BA5100E6212DAB7200A14C5F /* GameLogger */,
			);
		};
/* End PBXProject section */

/* Begin PBXResourcesBuildPhase section */
		BA5100E5212DAB7200A14C5F /* Resources */ = {
			isa = PBXResourcesBuildPhase;
			buildActionMask = 2147483647;
			files = (
				BA5100F5212DAB7300A14C5F /* LaunchScreen.storyboard in Resources */,
				BA5100F2212DAB7300A14C5F /* Assets.xcassets in Resources */,
				BA5100F0212DAB7200A14C5F /* Main.storyboard in Resources */,
			);
			runOnlyForDeploymentPostprocessing = 0;
		};
/* End PBXResourcesBuildPhase section */

/* Begin PBXSourcesBuildPhase section */
		BA5100E3212DAB7200A14C5F /* Sources */ = {
			isa = PBXSourcesBuildPhase;
			buildActionMask = 2147483647;
			files = (
				BA5100FF212DAF4400A14C5F /* NetworkManager.swift in Sources */,
				BA1944CE212E1B38000804C7 /* SearchResultsViewController.swift in Sources */,
				BA5100ED212DAB7200A14C5F /* HomeViewController.swift in Sources */,
				46441CAF212DD87300295D61 /* DetailViewController.swift in Sources */,
				BA1944CC212E00BB000804C7 /* PopularGameCell.swift in Sources */,
				BA1944D0212E1B4F000804C7 /* ResultCell.swift in Sources */,
				BA5100EB212DAB7200A14C5F /* AppDelegate.swift in Sources */,
				BA510105212DB08A00A14C5F /* Game.swift in Sources */,
				46441CB2212DE6C900295D61 /* DetailCollectionViewCell.swift in Sources */,
			);
			runOnlyForDeploymentPostprocessing = 0;
		};
/* End PBXSourcesBuildPhase section */

/* Begin PBXVariantGroup section */
		BA5100EE212DAB7200A14C5F /* Main.storyboard */ = {
			isa = PBXVariantGroup;
			children = (
				BA5100EF212DAB7200A14C5F /* Base */,
			);
			name = Main.storyboard;
			sourceTree = "<group>";
		};
		BA5100F3212DAB7300A14C5F /* LaunchScreen.storyboard */ = {
			isa = PBXVariantGroup;
			children = (
				BA5100F4212DAB7300A14C5F /* Base */,
			);
			name = LaunchScreen.storyboard;
			sourceTree = "<group>";
		};
/* End PBXVariantGroup section */

/* Begin XCBuildConfiguration section */
		BA5100F7212DAB7300A14C5F /* Debug */ = {
			isa = XCBuildConfiguration;
			buildSettings = {
				ALWAYS_SEARCH_USER_PATHS = NO;
				CLANG_ANALYZER_NONNULL = YES;
				CLANG_ANALYZER_NUMBER_OBJECT_CONVERSION = YES_AGGRESSIVE;
				CLANG_CXX_LANGUAGE_STANDARD = "gnu++14";
				CLANG_CXX_LIBRARY = "libc++";
				CLANG_ENABLE_MODULES = YES;
				CLANG_ENABLE_OBJC_ARC = YES;
				CLANG_ENABLE_OBJC_WEAK = YES;
				CLANG_WARN_BLOCK_CAPTURE_AUTORELEASING = YES;
				CLANG_WARN_BOOL_CONVERSION = YES;
				CLANG_WARN_COMMA = YES;
				CLANG_WARN_CONSTANT_CONVERSION = YES;
				CLANG_WARN_DEPRECATED_OBJC_IMPLEMENTATIONS = YES;
				CLANG_WARN_DIRECT_OBJC_ISA_USAGE = YES_ERROR;
				CLANG_WARN_DOCUMENTATION_COMMENTS = YES;
				CLANG_WARN_EMPTY_BODY = YES;
				CLANG_WARN_ENUM_CONVERSION = YES;
				CLANG_WARN_INFINITE_RECURSION = YES;
				CLANG_WARN_INT_CONVERSION = YES;
				CLANG_WARN_NON_LITERAL_NULL_CONVERSION = YES;
				CLANG_WARN_OBJC_IMPLICIT_RETAIN_SELF = YES;
				CLANG_WARN_OBJC_LITERAL_CONVERSION = YES;
				CLANG_WARN_OBJC_ROOT_CLASS = YES_ERROR;
				CLANG_WARN_RANGE_LOOP_ANALYSIS = YES;
				CLANG_WARN_STRICT_PROTOTYPES = YES;
				CLANG_WARN_SUSPICIOUS_MOVE = YES;
				CLANG_WARN_UNGUARDED_AVAILABILITY = YES_AGGRESSIVE;
				CLANG_WARN_UNREACHABLE_CODE = YES;
				CLANG_WARN__DUPLICATE_METHOD_MATCH = YES;
				CODE_SIGN_IDENTITY = "iPhone Developer";
				COPY_PHASE_STRIP = NO;
				DEBUG_INFORMATION_FORMAT = dwarf;
				ENABLE_STRICT_OBJC_MSGSEND = YES;
				ENABLE_TESTABILITY = YES;
				GCC_C_LANGUAGE_STANDARD = gnu11;
				GCC_DYNAMIC_NO_PIC = NO;
				GCC_NO_COMMON_BLOCKS = YES;
				GCC_OPTIMIZATION_LEVEL = 0;
				GCC_PREPROCESSOR_DEFINITIONS = (
					"DEBUG=1",
					"$(inherited)",
				);
				GCC_WARN_64_TO_32_BIT_CONVERSION = YES;
				GCC_WARN_ABOUT_RETURN_TYPE = YES_ERROR;
				GCC_WARN_UNDECLARED_SELECTOR = YES;
				GCC_WARN_UNINITIALIZED_AUTOS = YES_AGGRESSIVE;
				GCC_WARN_UNUSED_FUNCTION = YES;
				GCC_WARN_UNUSED_VARIABLE = YES;
				IPHONEOS_DEPLOYMENT_TARGET = 11.4;
				MTL_ENABLE_DEBUG_INFO = YES;
				ONLY_ACTIVE_ARCH = YES;
				SDKROOT = iphoneos;
				SWIFT_ACTIVE_COMPILATION_CONDITIONS = DEBUG;
				SWIFT_OPTIMIZATION_LEVEL = "-Onone";
			};
			name = Debug;
		};
		BA5100F8212DAB7300A14C5F /* Release */ = {
			isa = XCBuildConfiguration;
			buildSettings = {
				ALWAYS_SEARCH_USER_PATHS = NO;
				CLANG_ANALYZER_NONNULL = YES;
				CLANG_ANALYZER_NUMBER_OBJECT_CONVERSION = YES_AGGRESSIVE;
				CLANG_CXX_LANGUAGE_STANDARD = "gnu++14";
				CLANG_CXX_LIBRARY = "libc++";
				CLANG_ENABLE_MODULES = YES;
				CLANG_ENABLE_OBJC_ARC = YES;
				CLANG_ENABLE_OBJC_WEAK = YES;
				CLANG_WARN_BLOCK_CAPTURE_AUTORELEASING = YES;
				CLANG_WARN_BOOL_CONVERSION = YES;
				CLANG_WARN_COMMA = YES;
				CLANG_WARN_CONSTANT_CONVERSION = YES;
				CLANG_WARN_DEPRECATED_OBJC_IMPLEMENTATIONS = YES;
				CLANG_WARN_DIRECT_OBJC_ISA_USAGE = YES_ERROR;
				CLANG_WARN_DOCUMENTATION_COMMENTS = YES;
				CLANG_WARN_EMPTY_BODY = YES;
				CLANG_WARN_ENUM_CONVERSION = YES;
				CLANG_WARN_INFINITE_RECURSION = YES;
				CLANG_WARN_INT_CONVERSION = YES;
				CLANG_WARN_NON_LITERAL_NULL_CONVERSION = YES;
				CLANG_WARN_OBJC_IMPLICIT_RETAIN_SELF = YES;
				CLANG_WARN_OBJC_LITERAL_CONVERSION = YES;
				CLANG_WARN_OBJC_ROOT_CLASS = YES_ERROR;
				CLANG_WARN_RANGE_LOOP_ANALYSIS = YES;
				CLANG_WARN_STRICT_PROTOTYPES = YES;
				CLANG_WARN_SUSPICIOUS_MOVE = YES;
				CLANG_WARN_UNGUARDED_AVAILABILITY = YES_AGGRESSIVE;
				CLANG_WARN_UNREACHABLE_CODE = YES;
				CLANG_WARN__DUPLICATE_METHOD_MATCH = YES;
				CODE_SIGN_IDENTITY = "iPhone Developer";
				COPY_PHASE_STRIP = NO;
				DEBUG_INFORMATION_FORMAT = "dwarf-with-dsym";
				ENABLE_NS_ASSERTIONS = NO;
				ENABLE_STRICT_OBJC_MSGSEND = YES;
				GCC_C_LANGUAGE_STANDARD = gnu11;
				GCC_NO_COMMON_BLOCKS = YES;
				GCC_WARN_64_TO_32_BIT_CONVERSION = YES;
				GCC_WARN_ABOUT_RETURN_TYPE = YES_ERROR;
				GCC_WARN_UNDECLARED_SELECTOR = YES;
				GCC_WARN_UNINITIALIZED_AUTOS = YES_AGGRESSIVE;
				GCC_WARN_UNUSED_FUNCTION = YES;
				GCC_WARN_UNUSED_VARIABLE = YES;
				IPHONEOS_DEPLOYMENT_TARGET = 11.4;
				MTL_ENABLE_DEBUG_INFO = NO;
				SDKROOT = iphoneos;
				SWIFT_COMPILATION_MODE = wholemodule;
				SWIFT_OPTIMIZATION_LEVEL = "-O";
				VALIDATE_PRODUCT = YES;
			};
			name = Release;
		};
		BA5100FA212DAB7300A14C5F /* Debug */ = {
			isa = XCBuildConfiguration;
			buildSettings = {
				ASSETCATALOG_COMPILER_APPICON_NAME = AppIcon;
				CLANG_ENABLE_MODULES = YES;
				CODE_SIGN_STYLE = Automatic;
				DEVELOPMENT_TEAM = PQYWQB75M5;
				INFOPLIST_FILE = GameLogger/Other/Info.plist;
				LD_RUNPATH_SEARCH_PATHS = (
					"$(inherited)",
					"@executable_path/Frameworks",
				);
				PRODUCT_BUNDLE_IDENTIFIER = com.henry.GameLogger;
				PRODUCT_NAME = "$(TARGET_NAME)";
				SWIFT_OBJC_BRIDGING_HEADER = "GameLogger-Bridging-Header.h";
				SWIFT_OPTIMIZATION_LEVEL = "-Onone";
				SWIFT_VERSION = 4.0;
				TARGETED_DEVICE_FAMILY = "1,2";
			};
			name = Debug;
		};
		BA5100FB212DAB7300A14C5F /* Release */ = {
			isa = XCBuildConfiguration;
			buildSettings = {
				ASSETCATALOG_COMPILER_APPICON_NAME = AppIcon;
				CLANG_ENABLE_MODULES = YES;
				CODE_SIGN_STYLE = Automatic;
				DEVELOPMENT_TEAM = PQYWQB75M5;
				INFOPLIST_FILE = GameLogger/Other/Info.plist;
				LD_RUNPATH_SEARCH_PATHS = (
					"$(inherited)",
					"@executable_path/Frameworks",
				);
				PRODUCT_BUNDLE_IDENTIFIER = com.henry.GameLogger;
				PRODUCT_NAME = "$(TARGET_NAME)";
				SWIFT_OBJC_BRIDGING_HEADER = "GameLogger-Bridging-Header.h";
				SWIFT_VERSION = 4.0;
				TARGETED_DEVICE_FAMILY = "1,2";
			};
			name = Release;
		};
/* End XCBuildConfiguration section */

/* Begin XCConfigurationList section */
		BA5100E2212DAB7200A14C5F /* Build configuration list for PBXProject "GameLogger" */ = {
			isa = XCConfigurationList;
			buildConfigurations = (
				BA5100F7212DAB7300A14C5F /* Debug */,
				BA5100F8212DAB7300A14C5F /* Release */,
			);
			defaultConfigurationIsVisible = 0;
			defaultConfigurationName = Release;
		};
		BA5100F9212DAB7300A14C5F /* Build configuration list for PBXNativeTarget "GameLogger" */ = {
			isa = XCConfigurationList;
			buildConfigurations = (
				BA5100FA212DAB7300A14C5F /* Debug */,
				BA5100FB212DAB7300A14C5F /* Release */,
			);
			defaultConfigurationIsVisible = 0;
			defaultConfigurationName = Release;
		};
/* End XCConfigurationList section */
	};
	rootObject = BA5100DF212DAB7200A14C5F /* Project object */;
}
